# THIS IS AN AUTOGENERATED FILE. DO NOT EDIT THIS FILE DIRECTLY.
# yarn lockfile v1


react-pure-render@^1.0.2:
  version "1.0.2"
  resolved "https://registry.yarnpkg.com/react-pure-render/-/react-pure-render-1.0.2.tgz#9d8a928c7f2c37513c2d064e57b3e3c356e9fabb"
  integrity sha1-nYqSjH8sN1E8LQZOV7Pjw1bp+rs=
